// !$*UTF8*$!
{
	archiveVersion = 1;
	classes = {
	};
	objectVersion = 51;
	objects = {

/* Begin PBXBuildFile section */
		40732F56C82489D084AC521E /* Pods_timer.framework in Frameworks */ = {isa = PBXBuildFile; fileRef = 868B3013A22E0E81CA95CA00 /* Pods_timer.framework */; };
		630EEF4124E43CAB0086BA2F /* AppDelegate.swift in Sources */ = {isa = PBXBuildFile; fileRef = 630EEF4024E43CAB0086BA2F /* AppDelegate.swift */; };
		630EEF4324E43CAB0086BA2F /* SceneDelegate.swift in Sources */ = {isa = PBXBuildFile; fileRef = 630EEF4224E43CAB0086BA2F /* SceneDelegate.swift */; };
		630EEF4824E43CAB0086BA2F /* Main.storyboard in Resources */ = {isa = PBXBuildFile; fileRef = 630EEF4624E43CAB0086BA2F /* Main.storyboard */; };
		630EEF4A24E43CAB0086BA2F /* Assets.xcassets in Resources */ = {isa = PBXBuildFile; fileRef = 630EEF4924E43CAB0086BA2F /* Assets.xcassets */; };
		630EEF4D24E43CAB0086BA2F /* LaunchScreen.storyboard in Resources */ = {isa = PBXBuildFile; fileRef = 630EEF4B24E43CAB0086BA2F /* LaunchScreen.storyboard */; };
		630EEF7724E55F190086BA2F /* NewTaskViewController.swift in Sources */ = {isa = PBXBuildFile; fileRef = 630EEF7624E55F190086BA2F /* NewTaskViewController.swift */; };
		630EEF7924E5CE9E0086BA2F /* MainViewController.swift in Sources */ = {isa = PBXBuildFile; fileRef = 630EEF7824E5CE9E0086BA2F /* MainViewController.swift */; };
		630EEF7B24E5CF610086BA2F /* TableViewCell.swift in Sources */ = {isa = PBXBuildFile; fileRef = 630EEF7A24E5CF610086BA2F /* TableViewCell.swift */; };
		63CEBB0A24F937BB00882B38 /* MainViewControllerBonsaiExtention.swift in Sources */ = {isa = PBXBuildFile; fileRef = 63CEBB0924F937BB00882B38 /* MainViewControllerBonsaiExtention.swift */; };
		63CEBB1224FA2A7B00882B38 /* TimeManager.swift in Sources */ = {isa = PBXBuildFile; fileRef = 63CEBB1124FA2A7B00882B38 /* TimeManager.swift */; };
		63CEBB1B24FBBF8E00882B38 /* success.mp3 in Resources */ = {isa = PBXBuildFile; fileRef = 63CEBB1A24FBBF8D00882B38 /* success.mp3 */; };
		63CEBB1F24FBF88100882B38 /* fail.mp3 in Resources */ = {isa = PBXBuildFile; fileRef = 63CEBB1E24FBF88100882B38 /* fail.mp3 */; };
		63CEBB2224FC065800882B38 /* AudioManager.swift in Sources */ = {isa = PBXBuildFile; fileRef = 63CEBB2124FC065800882B38 /* AudioManager.swift */; };
		63CEBB2524FCDCF900882B38 /* CoreDataModel.xcdatamodeld in Sources */ = {isa = PBXBuildFile; fileRef = 63CEBB2324FCDCF900882B38 /* CoreDataModel.xcdatamodeld */; };
		63CEBB272502C91200882B38 /* DataManager.swift in Sources */ = {isa = PBXBuildFile; fileRef = 63CEBB262502C91200882B38 /* DataManager.swift */; };
/* End PBXBuildFile section */

/* Begin PBXFileReference section */
		630EEF3D24E43CAB0086BA2F /* timer.app */ = {isa = PBXFileReference; explicitFileType = wrapper.application; includeInIndex = 0; path = timer.app; sourceTree = BUILT_PRODUCTS_DIR; };
		630EEF4024E43CAB0086BA2F /* AppDelegate.swift */ = {isa = PBXFileReference; lastKnownFileType = sourcecode.swift; path = AppDelegate.swift; sourceTree = "<group>"; };
		630EEF4224E43CAB0086BA2F /* SceneDelegate.swift */ = {isa = PBXFileReference; lastKnownFileType = sourcecode.swift; path = SceneDelegate.swift; sourceTree = "<group>"; };
		630EEF4724E43CAB0086BA2F /* Base */ = {isa = PBXFileReference; lastKnownFileType = file.storyboard; name = Base; path = Base.lproj/Main.storyboard; sourceTree = "<group>"; };
		630EEF4924E43CAB0086BA2F /* Assets.xcassets */ = {isa = PBXFileReference; lastKnownFileType = folder.assetcatalog; path = Assets.xcassets; sourceTree = "<group>"; };
		630EEF4C24E43CAB0086BA2F /* Base */ = {isa = PBXFileReference; lastKnownFileType = file.storyboard; name = Base; path = Base.lproj/LaunchScreen.storyboard; sourceTree = "<group>"; };
		630EEF4E24E43CAB0086BA2F /* Info.plist */ = {isa = PBXFileReference; lastKnownFileType = text.plist.xml; path = Info.plist; sourceTree = "<group>"; };
		630EEF7624E55F190086BA2F /* NewTaskViewController.swift */ = {isa = PBXFileReference; lastKnownFileType = sourcecode.swift; path = NewTaskViewController.swift; sourceTree = "<group>"; };
		630EEF7824E5CE9E0086BA2F /* MainViewController.swift */ = {isa = PBXFileReference; lastKnownFileType = sourcecode.swift; path = MainViewController.swift; sourceTree = "<group>"; };
		630EEF7A24E5CF610086BA2F /* TableViewCell.swift */ = {isa = PBXFileReference; lastKnownFileType = sourcecode.swift; path = TableViewCell.swift; sourceTree = "<group>"; };
		63CEBB0924F937BB00882B38 /* MainViewControllerBonsaiExtention.swift */ = {isa = PBXFileReference; lastKnownFileType = sourcecode.swift; path = MainViewControllerBonsaiExtention.swift; sourceTree = "<group>"; };
		63CEBB1124FA2A7B00882B38 /* TimeManager.swift */ = {isa = PBXFileReference; lastKnownFileType = sourcecode.swift; path = TimeManager.swift; sourceTree = "<group>"; };
		63CEBB1A24FBBF8D00882B38 /* success.mp3 */ = {isa = PBXFileReference; lastKnownFileType = audio.mp3; path = success.mp3; sourceTree = "<group>"; };
		63CEBB1E24FBF88100882B38 /* fail.mp3 */ = {isa = PBXFileReference; lastKnownFileType = audio.mp3; path = fail.mp3; sourceTree = "<group>"; };
		63CEBB2124FC065800882B38 /* AudioManager.swift */ = {isa = PBXFileReference; lastKnownFileType = sourcecode.swift; path = AudioManager.swift; sourceTree = "<group>"; };
		63CEBB2424FCDCF900882B38 /* CoreDataModel.xcdatamodel */ = {isa = PBXFileReference; lastKnownFileType = wrapper.xcdatamodel; path = CoreDataModel.xcdatamodel; sourceTree = "<group>"; };
		63CEBB262502C91200882B38 /* DataManager.swift */ = {isa = PBXFileReference; lastKnownFileType = sourcecode.swift; path = DataManager.swift; sourceTree = "<group>"; };
		868B3013A22E0E81CA95CA00 /* Pods_timer.framework */ = {isa = PBXFileReference; explicitFileType = wrapper.framework; includeInIndex = 0; path = Pods_timer.framework; sourceTree = BUILT_PRODUCTS_DIR; };
		E4A6214020D5F5D50460803D /* Pods-timer.debug.xcconfig */ = {isa = PBXFileReference; includeInIndex = 1; lastKnownFileType = text.xcconfig; name = "Pods-timer.debug.xcconfig"; path = "Target Support Files/Pods-timer/Pods-timer.debug.xcconfig"; sourceTree = "<group>"; };
		E8084381C58C3761E4ADBEB5 /* Pods-timer.release.xcconfig */ = {isa = PBXFileReference; includeInIndex = 1; lastKnownFileType = text.xcconfig; name = "Pods-timer.release.xcconfig"; path = "Target Support Files/Pods-timer/Pods-timer.release.xcconfig"; sourceTree = "<group>"; };
/* End PBXFileReference section */

/* Begin PBXFrameworksBuildPhase section */
		630EEF3A24E43CAB0086BA2F /* Frameworks */ = {
			isa = PBXFrameworksBuildPhase;
			buildActionMask = 2147483647;
			files = (
				40732F56C82489D084AC521E /* Pods_timer.framework in Frameworks */,
			);
			runOnlyForDeploymentPostprocessing = 0;
		};
/* End PBXFrameworksBuildPhase section */

/* Begin PBXGroup section */
		0E5DABE06C60C67C43775CCC /* Frameworks */ = {
			isa = PBXGroup;
			children = (
				868B3013A22E0E81CA95CA00 /* Pods_timer.framework */,
			);
			name = Frameworks;
			sourceTree = "<group>";
		};
		630EEF3424E43CAB0086BA2F = {
			isa = PBXGroup;
			children = (
				630EEF3F24E43CAB0086BA2F /* timer */,
				630EEF3E24E43CAB0086BA2F /* Products */,
				7BCAB1585A54C16DEA47C502 /* Pods */,
				0E5DABE06C60C67C43775CCC /* Frameworks */,
			);
			sourceTree = "<group>";
		};
		630EEF3E24E43CAB0086BA2F /* Products */ = {
			isa = PBXGroup;
			children = (
				630EEF3D24E43CAB0086BA2F /* timer.app */,
			);
			name = Products;
			sourceTree = "<group>";
		};
		630EEF3F24E43CAB0086BA2F /* timer */ = {
			isa = PBXGroup;
			children = (
				63CEBB0B24F965AD00882B38 /* ViewControllers */,
				63CEBB1024FA2A2E00882B38 /* WorkWithTime */,
				63CEBB2024FC063D00882B38 /* Helpers */,
				63CEBB0D24F965DD00882B38 /* UIBuilders */,
				63CEBB0E24F965EE00882B38 /* SupportFiles */,
				63CEBB2324FCDCF900882B38 /* CoreDataModel.xcdatamodeld */,
			);
			path = timer;
			sourceTree = "<group>";
		};
		63CEBB0B24F965AD00882B38 /* ViewControllers */ = {
			isa = PBXGroup;
			children = (
				630EEF7824E5CE9E0086BA2F /* MainViewController.swift */,
				630EEF7624E55F190086BA2F /* NewTaskViewController.swift */,
				630EEF7A24E5CF610086BA2F /* TableViewCell.swift */,
				63CEBB0F24F9665300882B38 /* Extentions */,
			);
			path = ViewControllers;
			sourceTree = "<group>";
		};
		63CEBB0D24F965DD00882B38 /* UIBuilders */ = {
			isa = PBXGroup;
			children = (
				630EEF4624E43CAB0086BA2F /* Main.storyboard */,
				630EEF4B24E43CAB0086BA2F /* LaunchScreen.storyboard */,
			);
			path = UIBuilders;
			sourceTree = "<group>";
		};
		63CEBB0E24F965EE00882B38 /* SupportFiles */ = {
			isa = PBXGroup;
			children = (
				63CEBB1324FBBE3800882B38 /* Audio */,
				630EEF4024E43CAB0086BA2F /* AppDelegate.swift */,
				630EEF4224E43CAB0086BA2F /* SceneDelegate.swift */,
				630EEF4924E43CAB0086BA2F /* Assets.xcassets */,
				630EEF4E24E43CAB0086BA2F /* Info.plist */,
			);
			path = SupportFiles;
			sourceTree = "<group>";
		};
		63CEBB0F24F9665300882B38 /* Extentions */ = {
			isa = PBXGroup;
			children = (
				63CEBB0924F937BB00882B38 /* MainViewControllerBonsaiExtention.swift */,
			);
			path = Extentions;
			sourceTree = "<group>";
		};
		63CEBB1024FA2A2E00882B38 /* WorkWithTime */ = {
			isa = PBXGroup;
			children = (
				63CEBB1124FA2A7B00882B38 /* TimeManager.swift */,
			);
			path = WorkWithTime;
			sourceTree = "<group>";
		};
		63CEBB1324FBBE3800882B38 /* Audio */ = {
			isa = PBXGroup;
			children = (
				63CEBB1A24FBBF8D00882B38 /* success.mp3 */,
				63CEBB1E24FBF88100882B38 /* fail.mp3 */,
			);
			path = Audio;
			sourceTree = "<group>";
		};
		63CEBB2024FC063D00882B38 /* Helpers */ = {
			isa = PBXGroup;
			children = (
				63CEBB2124FC065800882B38 /* AudioManager.swift */,
				63CEBB262502C91200882B38 /* DataManager.swift */,
			);
			path = Helpers;
			sourceTree = "<group>";
		};
		7BCAB1585A54C16DEA47C502 /* Pods */ = {
			isa = PBXGroup;
			children = (
				E4A6214020D5F5D50460803D /* Pods-timer.debug.xcconfig */,
				E8084381C58C3761E4ADBEB5 /* Pods-timer.release.xcconfig */,
			);
			path = Pods;
			sourceTree = "<group>";
		};
/* End PBXGroup section */

/* Begin PBXNativeTarget section */
		630EEF3C24E43CAB0086BA2F /* timer */ = {
			isa = PBXNativeTarget;
			buildConfigurationList = 630EEF5124E43CAB0086BA2F /* Build configuration list for PBXNativeTarget "timer" */;
			buildPhases = (
				84513D2912A9A2A0882A04DE /* [CP] Check Pods Manifest.lock */,
				630EEF3924E43CAB0086BA2F /* Sources */,
				630EEF3A24E43CAB0086BA2F /* Frameworks */,
				630EEF3B24E43CAB0086BA2F /* Resources */,
				C990518ED82F528DEA23A9AD /* [CP] Embed Pods Frameworks */,
			);
			buildRules = (
			);
			dependencies = (
			);
			name = timer;
			productName = timer;
			productReference = 630EEF3D24E43CAB0086BA2F /* timer.app */;
			productType = "com.apple.product-type.application";
		};
/* End PBXNativeTarget section */

/* Begin PBXProject section */
		630EEF3524E43CAB0086BA2F /* Project object */ = {
			isa = PBXProject;
			attributes = {
				LastSwiftUpdateCheck = 1130;
				LastUpgradeCheck = 1130;
				ORGANIZATIONNAME = "Туйаара Оконешникова";
				TargetAttributes = {
					630EEF3C24E43CAB0086BA2F = {
						CreatedOnToolsVersion = 11.3.1;
					};
				};
			};
			buildConfigurationList = 630EEF3824E43CAB0086BA2F /* Build configuration list for PBXProject "timer" */;
			compatibilityVersion = "Xcode 9.3";
			developmentRegion = en;
			hasScannedForEncodings = 0;
			knownRegions = (
				en,
				Base,
			);
			mainGroup = 630EEF3424E43CAB0086BA2F;
			productRefGroup = 630EEF3E24E43CAB0086BA2F /* Products */;
			projectDirPath = "";
			projectRoot = "";
			targets = (
				630EEF3C24E43CAB0086BA2F /* timer */,
			);
		};
/* End PBXProject section */

/* Begin PBXResourcesBuildPhase section */
		630EEF3B24E43CAB0086BA2F /* Resources */ = {
			isa = PBXResourcesBuildPhase;
			buildActionMask = 2147483647;
			files = (
				630EEF4D24E43CAB0086BA2F /* LaunchScreen.storyboard in Resources */,
				630EEF4A24E43CAB0086BA2F /* Assets.xcassets in Resources */,
				63CEBB1F24FBF88100882B38 /* fail.mp3 in Resources */,
				63CEBB1B24FBBF8E00882B38 /* success.mp3 in Resources */,
				630EEF4824E43CAB0086BA2F /* Main.storyboard in Resources */,
			);
			runOnlyForDeploymentPostprocessing = 0;
		};
/* End PBXResourcesBuildPhase section */

/* Begin PBXShellScriptBuildPhase section */
		84513D2912A9A2A0882A04DE /* [CP] Check Pods Manifest.lock */ = {
			isa = PBXShellScriptBuildPhase;
			buildActionMask = 2147483647;
			files = (
			);
			inputFileListPaths = (
			);
			inputPaths = (
				"${PODS_PODFILE_DIR_PATH}/Podfile.lock",
				"${PODS_ROOT}/Manifest.lock",
			);
			name = "[CP] Check Pods Manifest.lock";
			outputFileListPaths = (
			);
			outputPaths = (
				"$(DERIVED_FILE_DIR)/Pods-timer-checkManifestLockResult.txt",
			);
			runOnlyForDeploymentPostprocessing = 0;
			shellPath = /bin/sh;
			shellScript = "diff \"${PODS_PODFILE_DIR_PATH}/Podfile.lock\" \"${PODS_ROOT}/Manifest.lock\" > /dev/null\nif [ $? != 0 ] ; then\n    # print error to STDERR\n    echo \"error: The sandbox is not in sync with the Podfile.lock. Run 'pod install' or update your CocoaPods installation.\" >&2\n    exit 1\nfi\n# This output is used by Xcode 'outputs' to avoid re-running this script phase.\necho \"SUCCESS\" > \"${SCRIPT_OUTPUT_FILE_0}\"\n";
			showEnvVarsInLog = 0;
		};
		C990518ED82F528DEA23A9AD /* [CP] Embed Pods Frameworks */ = {
			isa = PBXShellScriptBuildPhase;
			buildActionMask = 2147483647;
			files = (
			);
			inputFileListPaths = (
				"${PODS_ROOT}/Target Support Files/Pods-timer/Pods-timer-frameworks-${CONFIGURATION}-input-files.xcfilelist",
			);
			name = "[CP] Embed Pods Frameworks";
			outputFileListPaths = (
				"${PODS_ROOT}/Target Support Files/Pods-timer/Pods-timer-frameworks-${CONFIGURATION}-output-files.xcfilelist",
			);
			runOnlyForDeploymentPostprocessing = 0;
			shellPath = /bin/sh;
			shellScript = "\"${PODS_ROOT}/Target Support Files/Pods-timer/Pods-timer-frameworks.sh\"\n";
			showEnvVarsInLog = 0;
		};
/* End PBXShellScriptBuildPhase section */

/* Begin PBXSourcesBuildPhase section */
		630EEF3924E43CAB0086BA2F /* Sources */ = {
			isa = PBXSourcesBuildPhase;
			buildActionMask = 2147483647;
			files = (
				63CEBB2224FC065800882B38 /* AudioManager.swift in Sources */,
				63CEBB272502C91200882B38 /* DataManager.swift in Sources */,
				63CEBB0A24F937BB00882B38 /* MainViewControllerBonsaiExtention.swift in Sources */,
				630EEF4124E43CAB0086BA2F /* AppDelegate.swift in Sources */,
				63CEBB2524FCDCF900882B38 /* CoreDataModel.xcdatamodeld in Sources */,
				630EEF7724E55F190086BA2F /* NewTaskViewController.swift in Sources */,
				630EEF7B24E5CF610086BA2F /* TableViewCell.swift in Sources */,
				630EEF4324E43CAB0086BA2F /* SceneDelegate.swift in Sources */,
				63CEBB1224FA2A7B00882B38 /* TimeManager.swift in Sources */,
				630EEF7924E5CE9E0086BA2F /* MainViewController.swift in Sources */,
			);
			runOnlyForDeploymentPostprocessing = 0;
		};
/* End PBXSourcesBuildPhase section */

/* Begin PBXVariantGroup section */
		630EEF4624E43CAB0086BA2F /* Main.storyboard */ = {
			isa = PBXVariantGroup;
			children = (
				630EEF4724E43CAB0086BA2F /* Base */,
			);
			name = Main.storyboard;
			sourceTree = "<group>";
		};
		630EEF4B24E43CAB0086BA2F /* LaunchScreen.storyboard */ = {
			isa = PBXVariantGroup;
			children = (
				630EEF4C24E43CAB0086BA2F /* Base */,
			);
			name = LaunchScreen.storyboard;
			sourceTree = "<group>";
		};
/* End PBXVariantGroup section */

/* Begin XCBuildConfiguration section */
		630EEF4F24E43CAB0086BA2F /* Debug */ = {
			isa = XCBuildConfiguration;
			buildSettings = {
				ALWAYS_SEARCH_USER_PATHS = NO;
				CLANG_ANALYZER_NONNULL = YES;
				CLANG_ANALYZER_NUMBER_OBJECT_CONVERSION = YES_AGGRESSIVE;
				CLANG_CXX_LANGUAGE_STANDARD = "gnu++14";
				CLANG_CXX_LIBRARY = "libc++";
				CLANG_ENABLE_MODULES = YES;
				CLANG_ENABLE_OBJC_ARC = YES;
				CLANG_ENABLE_OBJC_WEAK = YES;
				CLANG_WARN_BLOCK_CAPTURE_AUTORELEASING = YES;
				CLANG_WARN_BOOL_CONVERSION = YES;
				CLANG_WARN_COMMA = YES;
				CLANG_WARN_CONSTANT_CONVERSION = YES;
				CLANG_WARN_DEPRECATED_OBJC_IMPLEMENTATIONS = YES;
				CLANG_WARN_DIRECT_OBJC_ISA_USAGE = YES_ERROR;
				CLANG_WARN_DOCUMENTATION_COMMENTS = YES;
				CLANG_WARN_EMPTY_BODY = YES;
				CLANG_WARN_ENUM_CONVERSION = YES;
				CLANG_WARN_INFINITE_RECURSION = YES;
				CLANG_WARN_INT_CONVERSION = YES;
				CLANG_WARN_NON_LITERAL_NULL_CONVERSION = YES;
				CLANG_WARN_OBJC_IMPLICIT_RETAIN_SELF = YES;
				CLANG_WARN_OBJC_LITERAL_CONVERSION = YES;
				CLANG_WARN_OBJC_ROOT_CLASS = YES_ERROR;
				CLANG_WARN_RANGE_LOOP_ANALYSIS = YES;
				CLANG_WARN_STRICT_PROTOTYPES = YES;
				CLANG_WARN_SUSPICIOUS_MOVE = YES;
				CLANG_WARN_UNGUARDED_AVAILABILITY = YES_AGGRESSIVE;
				CLANG_WARN_UNREACHABLE_CODE = YES;
				CLANG_WARN__DUPLICATE_METHOD_MATCH = YES;
				COPY_PHASE_STRIP = NO;
				DEBUG_INFORMATION_FORMAT = dwarf;
				ENABLE_STRICT_OBJC_MSGSEND = YES;
				ENABLE_TESTABILITY = YES;
				GCC_C_LANGUAGE_STANDARD = gnu11;
				GCC_DYNAMIC_NO_PIC = NO;
				GCC_NO_COMMON_BLOCKS = YES;
				GCC_OPTIMIZATION_LEVEL = 0;
				GCC_PREPROCESSOR_DEFINITIONS = (
					"DEBUG=1",
					"$(inherited)",
				);
				GCC_WARN_64_TO_32_BIT_CONVERSION = YES;
				GCC_WARN_ABOUT_RETURN_TYPE = YES_ERROR;
				GCC_WARN_UNDECLARED_SELECTOR = YES;
				GCC_WARN_UNINITIALIZED_AUTOS = YES_AGGRESSIVE;
				GCC_WARN_UNUSED_FUNCTION = YES;
				GCC_WARN_UNUSED_VARIABLE = YES;
				IPHONEOS_DEPLOYMENT_TARGET = 13.2;
				MTL_ENABLE_DEBUG_INFO = INCLUDE_SOURCE;
				MTL_FAST_MATH = YES;
				ONLY_ACTIVE_ARCH = YES;
				SDKROOT = iphoneos;
				SWIFT_ACTIVE_COMPILATION_CONDITIONS = DEBUG;
				SWIFT_OPTIMIZATION_LEVEL = "-Onone";
			};
			name = Debug;
		};
		630EEF5024E43CAB0086BA2F /* Release */ = {
			isa = XCBuildConfiguration;
			buildSettings = {
				ALWAYS_SEARCH_USER_PATHS = NO;
				CLANG_ANALYZER_NONNULL = YES;
				CLANG_ANALYZER_NUMBER_OBJECT_CONVERSION = YES_AGGRESSIVE;
				CLANG_CXX_LANGUAGE_STANDARD = "gnu++14";
				CLANG_CXX_LIBRARY = "libc++";
				CLANG_ENABLE_MODULES = YES;
				CLANG_ENABLE_OBJC_ARC = YES;
				CLANG_ENABLE_OBJC_WEAK = YES;
				CLANG_WARN_BLOCK_CAPTURE_AUTORELEASING = YES;
				CLANG_WARN_BOOL_CONVERSION = YES;
				CLANG_WARN_COMMA = YES;
				CLANG_WARN_CONSTANT_CONVERSION = YES;
				CLANG_WARN_DEPRECATED_OBJC_IMPLEMENTATIONS = YES;
				CLANG_WARN_DIRECT_OBJC_ISA_USAGE = YES_ERROR;
				CLANG_WARN_DOCUMENTATION_COMMENTS = YES;
				CLANG_WARN_EMPTY_BODY = YES;
				CLANG_WARN_ENUM_CONVERSION = YES;
				CLANG_WARN_INFINITE_RECURSION = YES;
				CLANG_WARN_INT_CONVERSION = YES;
				CLANG_WARN_NON_LITERAL_NULL_CONVERSION = YES;
				CLANG_WARN_OBJC_IMPLICIT_RETAIN_SELF = YES;
				CLANG_WARN_OBJC_LITERAL_CONVERSION = YES;
				CLANG_WARN_OBJC_ROOT_CLASS = YES_ERROR;
				CLANG_WARN_RANGE_LOOP_ANALYSIS = YES;
				CLANG_WARN_STRICT_PROTOTYPES = YES;
				CLANG_WARN_SUSPICIOUS_MOVE = YES;
				CLANG_WARN_UNGUARDED_AVAILABILITY = YES_AGGRESSIVE;
				CLANG_WARN_UNREACHABLE_CODE = YES;
				CLANG_WARN__DUPLICATE_METHOD_MATCH = YES;
				COPY_PHASE_STRIP = NO;
				DEBUG_INFORMATION_FORMAT = "dwarf-with-dsym";
				ENABLE_NS_ASSERTIONS = NO;
				ENABLE_STRICT_OBJC_MSGSEND = YES;
				GCC_C_LANGUAGE_STANDARD = gnu11;
				GCC_NO_COMMON_BLOCKS = YES;
				GCC_WARN_64_TO_32_BIT_CONVERSION = YES;
				GCC_WARN_ABOUT_RETURN_TYPE = YES_ERROR;
				GCC_WARN_UNDECLARED_SELECTOR = YES;
				GCC_WARN_UNINITIALIZED_AUTOS = YES_AGGRESSIVE;
				GCC_WARN_UNUSED_FUNCTION = YES;
				GCC_WARN_UNUSED_VARIABLE = YES;
				IPHONEOS_DEPLOYMENT_TARGET = 13.2;
				MTL_ENABLE_DEBUG_INFO = NO;
				MTL_FAST_MATH = YES;
				SDKROOT = iphoneos;
				SWIFT_COMPILATION_MODE = wholemodule;
				SWIFT_OPTIMIZATION_LEVEL = "-O";
				VALIDATE_PRODUCT = YES;
			};
			name = Release;
		};
		630EEF5224E43CAB0086BA2F /* Debug */ = {
			isa = XCBuildConfiguration;
			baseConfigurationReference = E4A6214020D5F5D50460803D /* Pods-timer.debug.xcconfig */;
			buildSettings = {
				ASSETCATALOG_COMPILER_APPICON_NAME = AppIcon;
				CODE_SIGN_STYLE = Automatic;
				DEVELOPMENT_TEAM = 4825WAP7SS;
				INFOPLIST_FILE = timer/SupportFiles/Info.plist;
				LD_RUNPATH_SEARCH_PATHS = (
					"$(inherited)",
					"@executable_path/Frameworks",
				);
				PRODUCT_BUNDLE_IDENTIFIER = com.appsite.timer;
				PRODUCT_NAME = "$(TARGET_NAME)";
				SWIFT_VERSION = 5.0;
				TARGETED_DEVICE_FAMILY = "1,2";
			};
			name = Debug;
		};
		630EEF5324E43CAB0086BA2F /* Release */ = {
			isa = XCBuildConfiguration;
			baseConfigurationReference = E8084381C58C3761E4ADBEB5 /* Pods-timer.release.xcconfig */;
			buildSettings = {
				ASSETCATALOG_COMPILER_APPICON_NAME = AppIcon;
				CODE_SIGN_STYLE = Automatic;
				DEVELOPMENT_TEAM = 4825WAP7SS;
				INFOPLIST_FILE = timer/SupportFiles/Info.plist;
				LD_RUNPATH_SEARCH_PATHS = (
					"$(inherited)",
					"@executable_path/Frameworks",
				);
				PRODUCT_BUNDLE_IDENTIFIER = com.appsite.timer;
				PRODUCT_NAME = "$(TARGET_NAME)";
				SWIFT_VERSION = 5.0;
				TARGETED_DEVICE_FAMILY = "1,2";
			};
			name = Release;
		};
/* End XCBuildConfiguration section */

/* Begin XCConfigurationList section */
		630EEF3824E43CAB0086BA2F /* Build configuration list for PBXProject "timer" */ = {
			isa = XCConfigurationList;
			buildConfigurations = (
				630EEF4F24E43CAB0086BA2F /* Debug */,
				630EEF5024E43CAB0086BA2F /* Release */,
			);
			defaultConfigurationIsVisible = 0;
			defaultConfigurationName = Release;
		};
		630EEF5124E43CAB0086BA2F /* Build configuration list for PBXNativeTarget "timer" */ = {
			isa = XCConfigurationList;
			buildConfigurations = (
				630EEF5224E43CAB0086BA2F /* Debug */,
				630EEF5324E43CAB0086BA2F /* Release */,
			);
			defaultConfigurationIsVisible = 0;
			defaultConfigurationName = Release;
		};
/* End XCConfigurationList section */

/* Begin XCVersionGroup section */
		63CEBB2324FCDCF900882B38 /* CoreDataModel.xcdatamodeld */ = {
			isa = XCVersionGroup;
			children = (
				63CEBB2424FCDCF900882B38 /* CoreDataModel.xcdatamodel */,
			);
			currentVersion = 63CEBB2424FCDCF900882B38 /* CoreDataModel.xcdatamodel */;
			path = CoreDataModel.xcdatamodeld;
			sourceTree = "<group>";
			versionGroupType = wrapper.xcdatamodel;
		};
/* End XCVersionGroup section */
	};
	rootObject = 630EEF3524E43CAB0086BA2F /* Project object */;
}
